
Microsoft Visual Studio Solution File, Format Version 12.00
# Visual Studio Version 17
VisualStudioVersion = 17.2.32616.157
MinimumVisualStudioVersion = 10.0.40219.1
Project("{9A19103F-16F7-4668-BE54-9A1E7A4F7556}") = "Generics1", "ConsoleApp1\Generics1.csproj", "{72F64A85-19DA-4989-8ECE-C75102D4EFD5}"
EndProject
Project("{9A19103F-16F7-4668-BE54-9A1E7A4F7556}") = "Generics2", "Generics2\Generics2.csproj", "{7C2DB10F-92FE-4501-A058-46DFD1C2DA29}"
EndProject
Project("{FAE04EC0-301F-11D3-BF4B-00C04F79EFBC}") = "Generics3", "Generics3\Generics3.csproj", "{8A0781E5-0CC5-447A-81FF-19026FFAD0F3}"
EndProject
Global
	GlobalSection(SolutionConfigurationPlatforms) = preSolution
		Debug|Any CPU = Debug|Any CPU
		Release|Any CPU = Release|Any CPU
	EndGlobalSection
	GlobalSection(ProjectConfigurationPlatforms) = postSolution
		{72F64A85-19DA-4989-8ECE-C75102D4EFD5}.Debug|Any CPU.ActiveCfg = Debug|Any CPU
		{72F64A85-19DA-4989-8ECE-C75102D4EFD5}.Debug|Any CPU.Build.0 = Debug|Any CPU
		{72F64A85-19DA-4989-8ECE-C75102D4EFD5}.Release|Any CPU.ActiveCfg = Release|Any CPU
		{72F64A85-19DA-4989-8ECE-C75102D4EFD5}.Release|Any CPU.Build.0 = Release|Any CPU
		{7C2DB10F-92FE-4501-A058-46DFD1C2DA29}.Debug|Any CPU.ActiveCfg = Debug|Any CPU
		{7C2DB10F-92FE-4501-A058-46DFD1C2DA29}.Debug|Any CPU.Build.0 = Debug|Any CPU
		{7C2DB10F-92FE-4501-A058-46DFD1C2DA29}.Release|Any CPU.ActiveCfg = Release|Any CPU
		{7C2DB10F-92FE-4501-A058-46DFD1C2DA29}.Release|Any CPU.Build.0 = Release|Any CPU
		{8A0781E5-0CC5-447A-81FF-19026FFAD0F3}.Debug|Any CPU.ActiveCfg = Debug|Any CPU
		{8A0781E5-0CC5-447A-81FF-19026FFAD0F3}.Debug|Any CPU.Build.0 = Debug|Any CPU
		{8A0781E5-0CC5-447A-81FF-19026FFAD0F3}.Release|Any CPU.ActiveCfg = Release|Any CPU
		{8A0781E5-0CC5-447A-81FF-19026FFAD0F3}.Release|Any CPU.Build.0 = Release|Any CPU
	EndGlobalSection
	GlobalSection(SolutionProperties) = preSolution
		HideSolutionNode = FALSE
	EndGlobalSection
	GlobalSection(ExtensibilityGlobals) = postSolution
		SolutionGuid = {F2255462-C7DE-42C9-A036-D6A0D3165F6D}
	EndGlobalSection
EndGlobal
